
Microsoft Visual Studio Solution File, Format Version 12.00
# Visual Studio Express 2012 for Windows Desktop
Project("{FAE04EC0-301F-11D3-BF4B-00C04F79EFBC}") = "GeoScan", "GeoScan\GeoScan.csproj", "{13EA731A-49E1-42B1-8276-ABE0A326B11C}"
EndProject
Global
	GlobalSection(SolutionConfigurationPlatforms) = preSolution
		Debug|Any CPU = Debug|Any CPU
		Release|Any CPU = Release|Any CPU
	EndGlobalSection
	GlobalSection(ProjectConfigurationPlatforms) = postSolution
		{13EA731A-49E1-42B1-8276-ABE0A326B11C}.Debug|Any CPU.ActiveCfg = Debug|Any CPU
		{13EA731A-49E1-42B1-8276-ABE0A326B11C}.Debug|Any CPU.Build.0 = Debug|Any CPU
		{13EA731A-49E1-42B1-8276-ABE0A326B11C}.Release|Any CPU.ActiveCfg = Release|Any CPU
		{13EA731A-49E1-42B1-8276-ABE0A326B11C}.Release|Any CPU.Build.0 = Release|Any CPU
	EndGlobalSection
	GlobalSection(SolutionProperties) = preSolution
		HideSolutionNode = FALSE
	EndGlobalSection
EndGlobal
